
Microsoft Visual Studio Solution File, Format Version 12.00
# Visual Studio Version 17
VisualStudioVersion = 17.13.36105.23
MinimumVisualStudioVersion = 10.0.40219.1
Project("{FAE04EC0-301F-11D3-BF4B-00C04F79EFBC}") = "PokemonBattleSimulator", "PokemonBattleSimulator\PokemonBattleSimulator.csproj", "{07A7CF64-4E4F-40D3-8A73-4EB26B832AC3}"
EndProject
Project("{FAE04EC0-301F-11D3-BF4B-00C04F79EFBC}") = "PokemonBattleSimulator.Tests", "PokemonBattleSimulator.Tests\PokemonBattleSimulator.Tests.csproj", "{1EAAEA36-B8C9-41F2-8867-9A7403FE3E33}"
EndProject
Global
	GlobalSection(SolutionConfigurationPlatforms) = preSolution
		Debug|Any CPU = Debug|Any CPU
		Release|Any CPU = Release|Any CPU
	EndGlobalSection
	GlobalSection(ProjectConfigurationPlatforms) = postSolution
		{07A7CF64-4E4F-40D3-8A73-4EB26B832AC3}.Debug|Any CPU.ActiveCfg = Debug|Any CPU
		{07A7CF64-4E4F-40D3-8A73-4EB26B832AC3}.Debug|Any CPU.Build.0 = Debug|Any CPU
		{07A7CF64-4E4F-40D3-8A73-4EB26B832AC3}.Release|Any CPU.ActiveCfg = Release|Any CPU
		{07A7CF64-4E4F-40D3-8A73-4EB26B832AC3}.Release|Any CPU.Build.0 = Release|Any CPU
		{1EAAEA36-B8C9-41F2-8867-9A7403FE3E33}.Debug|Any CPU.ActiveCfg = Debug|Any CPU
		{1EAAEA36-B8C9-41F2-8867-9A7403FE3E33}.Debug|Any CPU.Build.0 = Debug|Any CPU
		{1EAAEA36-B8C9-41F2-8867-9A7403FE3E33}.Release|Any CPU.ActiveCfg = Release|Any CPU
		{1EAAEA36-B8C9-41F2-8867-9A7403FE3E33}.Release|Any CPU.Build.0 = Release|Any CPU
	EndGlobalSection
	GlobalSection(SolutionProperties) = preSolution
		HideSolutionNode = FALSE
	EndGlobalSection
	GlobalSection(ExtensibilityGlobals) = postSolution
		SolutionGuid = {FEABBC54-72D0-4D41-B51F-1A08FE7350C3}
	EndGlobalSection
EndGlobal
